dependencies:
- name: subscriber
  repository: file://../subscriber
  version: 0.0.10
- name: workflow-controller
  repository: file://../workflow-controller
  version: 0.0.7
- name: chaos-operator
  repository: file://../chaos-operator
  version: 0.0.9
- name: chaos-exporter
  repository: file://../chaos-exporter
  version: 0.0.8
- name: chaos-crds
  repository: file://../chaos-crds
  version: 0.0.8
- name: agent-proxy
  repository: file://../agent-proxy
  version: 0.0.4
- name: ddcr-rbac
  repository: file://../ddcr-rbac
  version: 0.0.2
- name: emissary
  repository: file://../emissary
  version: 0.0.1
digest: sha256:2934c459472ab1dd7688da57d4f5eb0b95425dbe3ff3117a3ce4db94650d5a93
generated: "2025-05-13T14:21:39.384049+05:30"
